
Microsoft Visual Studio Solution File, Format Version 12.00
# Visual Studio Version 17
VisualStudioVersion = 17.10.35013.160
MinimumVisualStudioVersion = 10.0.40219.1
Project("{FAE04EC0-301F-11D3-BF4B-00C04F79EFBC}") = "Conjunto", "Conjunto\Conjunto.csproj", "{DD1A26E5-57B3-4928-B8B5-5DFA008F0AA7}"
EndProject
Project("{FAE04EC0-301F-11D3-BF4B-00C04F79EFBC}") = "Suma", "Suma\Suma.csproj", "{EFE841C0-62EA-4678-BF4C-A309B9734CF8}"
EndProject
Project("{FAE04EC0-301F-11D3-BF4B-00C04F79EFBC}") = "Triangulo", "Triangulo\Triangulo.csproj", "{9CE04EE8-55F0-4761-B454-75D5D84CC62B}"
EndProject
Global
	GlobalSection(SolutionConfigurationPlatforms) = preSolution
		Debug|Any CPU = Debug|Any CPU
		Release|Any CPU = Release|Any CPU
	EndGlobalSection
	GlobalSection(ProjectConfigurationPlatforms) = postSolution
		{DD1A26E5-57B3-4928-B8B5-5DFA008F0AA7}.Debug|Any CPU.ActiveCfg = Debug|Any CPU
		{DD1A26E5-57B3-4928-B8B5-5DFA008F0AA7}.Debug|Any CPU.Build.0 = Debug|Any CPU
		{DD1A26E5-57B3-4928-B8B5-5DFA008F0AA7}.Release|Any CPU.ActiveCfg = Release|Any CPU
		{DD1A26E5-57B3-4928-B8B5-5DFA008F0AA7}.Release|Any CPU.Build.0 = Release|Any CPU
		{EFE841C0-62EA-4678-BF4C-A309B9734CF8}.Debug|Any CPU.ActiveCfg = Debug|Any CPU
		{EFE841C0-62EA-4678-BF4C-A309B9734CF8}.Debug|Any CPU.Build.0 = Debug|Any CPU
		{EFE841C0-62EA-4678-BF4C-A309B9734CF8}.Release|Any CPU.ActiveCfg = Release|Any CPU
		{EFE841C0-62EA-4678-BF4C-A309B9734CF8}.Release|Any CPU.Build.0 = Release|Any CPU
		{9CE04EE8-55F0-4761-B454-75D5D84CC62B}.Debug|Any CPU.ActiveCfg = Debug|Any CPU
		{9CE04EE8-55F0-4761-B454-75D5D84CC62B}.Debug|Any CPU.Build.0 = Debug|Any CPU
		{9CE04EE8-55F0-4761-B454-75D5D84CC62B}.Release|Any CPU.ActiveCfg = Release|Any CPU
		{9CE04EE8-55F0-4761-B454-75D5D84CC62B}.Release|Any CPU.Build.0 = Release|Any CPU
	EndGlobalSection
	GlobalSection(SolutionProperties) = preSolution
		HideSolutionNode = FALSE
	EndGlobalSection
	GlobalSection(ExtensibilityGlobals) = postSolution
		SolutionGuid = {20E7BBFA-092E-48CF-8D99-D2B99B32DD39}
	EndGlobalSection
EndGlobal
